
Microsoft Visual Studio Solution File, Format Version 12.00
# Visual Studio Version 16
VisualStudioVersion = 16.0.30611.23
MinimumVisualStudioVersion = 10.0.40219.1
Project("{9A19103F-16F7-4668-BE54-9A1E7A4F7556}") = "ToursApi", "ToursApi.csproj", "{80A4DE75-C251-4369-9F05-6AD142519ADE}"
EndProject
Global
	GlobalSection(SolutionConfigurationPlatforms) = preSolution
		Debug|Any CPU = Debug|Any CPU
		Release|Any CPU = Release|Any CPU
	EndGlobalSection
	GlobalSection(ProjectConfigurationPlatforms) = postSolution
		{80A4DE75-C251-4369-9F05-6AD142519ADE}.Debug|Any CPU.ActiveCfg = Debug|Any CPU
		{80A4DE75-C251-4369-9F05-6AD142519ADE}.Debug|Any CPU.Build.0 = Debug|Any CPU
		{80A4DE75-C251-4369-9F05-6AD142519ADE}.Release|Any CPU.ActiveCfg = Release|Any CPU
		{80A4DE75-C251-4369-9F05-6AD142519ADE}.Release|Any CPU.Build.0 = Release|Any CPU
	EndGlobalSection
	GlobalSection(SolutionProperties) = preSolution
		HideSolutionNode = FALSE
	EndGlobalSection
	GlobalSection(ExtensibilityGlobals) = postSolution
		SolutionGuid = {66F66D36-48B9-4FBA-B439-157A5FEA33F0}
	EndGlobalSection
EndGlobal
